
Microsoft Visual Studio Solution File, Format Version 12.00
# Visual Studio Version 17
VisualStudioVersion = 17.0.31903.59
MinimumVisualStudioVersion = 10.0.40219.1
Project("{FAE04EC0-301F-11D3-BF4B-00C04F79EFBC}") = "Common", "Common\Common.csproj", "{77452229-C9B8-41A1-8DC3-94AE7D23B950}"
EndProject
Project("{FAE04EC0-301F-11D3-BF4B-00C04F79EFBC}") = "BulkStart", "BulkStart\BulkStart.csproj", "{EB54D348-5A9E-4844-8B83-E92899D58D3E}"
EndProject
Project("{FAE04EC0-301F-11D3-BF4B-00C04F79EFBC}") = "BulkDeallocate", "BulkDeallocate\BulkDeallocate.csproj", "{D362266C-D65B-424B-B941-7BA162A215AB}"
EndProject
Project("{FAE04EC0-301F-11D3-BF4B-00C04F79EFBC}") = "BulkDelete", "BulkDelete\BulkDelete.csproj", "{C23AA292-13C8-4669-82B4-985EB44CC878}"
EndProject
Project("{FAE04EC0-301F-11D3-BF4B-00C04F79EFBC}") = "BulkHibernate", "BulkHibernate\BulkHibernate.csproj", "{58330A99-6EAC-428B-B56B-321892A0DCA5}"
EndProject
Project("{FAE04EC0-301F-11D3-BF4B-00C04F79EFBC}") = "BulkCancelOperations", "BulkCancelOperations\BulkCancelOperations.csproj", "{BFEBDEEC-9EBC-49A6-9246-2015032F26F0}"
EndProject
Project("{FAE04EC0-301F-11D3-BF4B-00C04F79EFBC}") = "BulkGetOperationStatus", "BulkGetOperationStatus\BulkGetOperationStatus.csproj", "{289CEC1B-60FB-4FD6-91E0-53AD7F9C22BD}"
EndProject
Project("{FAE04EC0-301F-11D3-BF4B-00C04F79EFBC}") = "OperationFallback", "OperationFallback\OperationFallback.csproj", "{E7F787A8-0E86-4287-8BE6-168FC619D032}"
EndProject
Project("{FAE04EC0-301F-11D3-BF4B-00C04F79EFBC}") = "AllScenarios", "AllScenarios\AllScenarios.csproj", "{FFB7CEE9-65CF-4077-B09C-1E80D473F34F}"
EndProject
Global
	GlobalSection(SolutionConfigurationPlatforms) = preSolution
		Debug|Any CPU = Debug|Any CPU
		Debug|x64 = Debug|x64
		Debug|x86 = Debug|x86
		Release|Any CPU = Release|Any CPU
		Release|x64 = Release|x64
		Release|x86 = Release|x86
	EndGlobalSection
	GlobalSection(ProjectConfigurationPlatforms) = postSolution
		{77452229-C9B8-41A1-8DC3-94AE7D23B950}.Debug|Any CPU.ActiveCfg = Debug|Any CPU
		{77452229-C9B8-41A1-8DC3-94AE7D23B950}.Debug|Any CPU.Build.0 = Debug|Any CPU
		{77452229-C9B8-41A1-8DC3-94AE7D23B950}.Debug|x64.ActiveCfg = Debug|Any CPU
		{77452229-C9B8-41A1-8DC3-94AE7D23B950}.Debug|x64.Build.0 = Debug|Any CPU
		{77452229-C9B8-41A1-8DC3-94AE7D23B950}.Debug|x86.ActiveCfg = Debug|Any CPU
		{77452229-C9B8-41A1-8DC3-94AE7D23B950}.Debug|x86.Build.0 = Debug|Any CPU
		{77452229-C9B8-41A1-8DC3-94AE7D23B950}.Release|Any CPU.ActiveCfg = Release|Any CPU
		{77452229-C9B8-41A1-8DC3-94AE7D23B950}.Release|Any CPU.Build.0 = Release|Any CPU
		{77452229-C9B8-41A1-8DC3-94AE7D23B950}.Release|x64.ActiveCfg = Release|Any CPU
		{77452229-C9B8-41A1-8DC3-94AE7D23B950}.Release|x64.Build.0 = Release|Any CPU
		{77452229-C9B8-41A1-8DC3-94AE7D23B950}.Release|x86.ActiveCfg = Release|Any CPU
		{77452229-C9B8-41A1-8DC3-94AE7D23B950}.Release|x86.Build.0 = Release|Any CPU
		{EB54D348-5A9E-4844-8B83-E92899D58D3E}.Debug|Any CPU.ActiveCfg = Debug|Any CPU
		{EB54D348-5A9E-4844-8B83-E92899D58D3E}.Debug|Any CPU.Build.0 = Debug|Any CPU
		{EB54D348-5A9E-4844-8B83-E92899D58D3E}.Debug|x64.ActiveCfg = Debug|Any CPU
		{EB54D348-5A9E-4844-8B83-E92899D58D3E}.Debug|x64.Build.0 = Debug|Any CPU
		{EB54D348-5A9E-4844-8B83-E92899D58D3E}.Debug|x86.ActiveCfg = Debug|Any CPU
		{EB54D348-5A9E-4844-8B83-E92899D58D3E}.Debug|x86.Build.0 = Debug|Any CPU
		{EB54D348-5A9E-4844-8B83-E92899D58D3E}.Release|Any CPU.ActiveCfg = Release|Any CPU
		{EB54D348-5A9E-4844-8B83-E92899D58D3E}.Release|Any CPU.Build.0 = Release|Any CPU
		{EB54D348-5A9E-4844-8B83-E92899D58D3E}.Release|x64.ActiveCfg = Release|Any CPU
		{EB54D348-5A9E-4844-8B83-E92899D58D3E}.Release|x64.Build.0 = Release|Any CPU
		{EB54D348-5A9E-4844-8B83-E92899D58D3E}.Release|x86.ActiveCfg = Release|Any CPU
		{EB54D348-5A9E-4844-8B83-E92899D58D3E}.Release|x86.Build.0 = Release|Any CPU
		{D362266C-D65B-424B-B941-7BA162A215AB}.Debug|Any CPU.ActiveCfg = Debug|Any CPU
		{D362266C-D65B-424B-B941-7BA162A215AB}.Debug|Any CPU.Build.0 = Debug|Any CPU
		{D362266C-D65B-424B-B941-7BA162A215AB}.Debug|x64.ActiveCfg = Debug|Any CPU
		{D362266C-D65B-424B-B941-7BA162A215AB}.Debug|x64.Build.0 = Debug|Any CPU
		{D362266C-D65B-424B-B941-7BA162A215AB}.Debug|x86.ActiveCfg = Debug|Any CPU
		{D362266C-D65B-424B-B941-7BA162A215AB}.Debug|x86.Build.0 = Debug|Any CPU
		{D362266C-D65B-424B-B941-7BA162A215AB}.Release|Any CPU.ActiveCfg = Release|Any CPU
		{D362266C-D65B-424B-B941-7BA162A215AB}.Release|Any CPU.Build.0 = Release|Any CPU
		{D362266C-D65B-424B-B941-7BA162A215AB}.Release|x64.ActiveCfg = Release|Any CPU
		{D362266C-D65B-424B-B941-7BA162A215AB}.Release|x64.Build.0 = Release|Any CPU
		{D362266C-D65B-424B-B941-7BA162A215AB}.Release|x86.ActiveCfg = Release|Any CPU
		{D362266C-D65B-424B-B941-7BA162A215AB}.Release|x86.Build.0 = Release|Any CPU
		{C23AA292-13C8-4669-82B4-985EB44CC878}.Debug|Any CPU.ActiveCfg = Debug|Any CPU
		{C23AA292-13C8-4669-82B4-985EB44CC878}.Debug|Any CPU.Build.0 = Debug|Any CPU
		{C23AA292-13C8-4669-82B4-985EB44CC878}.Debug|x64.ActiveCfg = Debug|Any CPU
		{C23AA292-13C8-4669-82B4-985EB44CC878}.Debug|x64.Build.0 = Debug|Any CPU
		{C23AA292-13C8-4669-82B4-985EB44CC878}.Debug|x86.ActiveCfg = Debug|Any CPU
		{C23AA292-13C8-4669-82B4-985EB44CC878}.Debug|x86.Build.0 = Debug|Any CPU
		{C23AA292-13C8-4669-82B4-985EB44CC878}.Release|Any CPU.ActiveCfg = Release|Any CPU
		{C23AA292-13C8-4669-82B4-985EB44CC878}.Release|Any CPU.Build.0 = Release|Any CPU
		{C23AA292-13C8-4669-82B4-985EB44CC878}.Release|x64.ActiveCfg = Release|Any CPU
		{C23AA292-13C8-4669-82B4-985EB44CC878}.Release|x64.Build.0 = Release|Any CPU
		{C23AA292-13C8-4669-82B4-985EB44CC878}.Release|x86.ActiveCfg = Release|Any CPU
		{C23AA292-13C8-4669-82B4-985EB44CC878}.Release|x86.Build.0 = Release|Any CPU
		{58330A99-6EAC-428B-B56B-321892A0DCA5}.Debug|Any CPU.ActiveCfg = Debug|Any CPU
		{58330A99-6EAC-428B-B56B-321892A0DCA5}.Debug|Any CPU.Build.0 = Debug|Any CPU
		{58330A99-6EAC-428B-B56B-321892A0DCA5}.Debug|x64.ActiveCfg = Debug|Any CPU
		{58330A99-6EAC-428B-B56B-321892A0DCA5}.Debug|x64.Build.0 = Debug|Any CPU
		{58330A99-6EAC-428B-B56B-321892A0DCA5}.Debug|x86.ActiveCfg = Debug|Any CPU
		{58330A99-6EAC-428B-B56B-321892A0DCA5}.Debug|x86.Build.0 = Debug|Any CPU
		{58330A99-6EAC-428B-B56B-321892A0DCA5}.Release|Any CPU.ActiveCfg = Release|Any CPU
		{58330A99-6EAC-428B-B56B-321892A0DCA5}.Release|Any CPU.Build.0 = Release|Any CPU
		{58330A99-6EAC-428B-B56B-321892A0DCA5}.Release|x64.ActiveCfg = Release|Any CPU
		{58330A99-6EAC-428B-B56B-321892A0DCA5}.Release|x64.Build.0 = Release|Any CPU
		{58330A99-6EAC-428B-B56B-321892A0DCA5}.Release|x86.ActiveCfg = Release|Any CPU
		{58330A99-6EAC-428B-B56B-321892A0DCA5}.Release|x86.Build.0 = Release|Any CPU
		{BFEBDEEC-9EBC-49A6-9246-2015032F26F0}.Debug|Any CPU.ActiveCfg = Debug|Any CPU
		{BFEBDEEC-9EBC-49A6-9246-2015032F26F0}.Debug|Any CPU.Build.0 = Debug|Any CPU
		{BFEBDEEC-9EBC-49A6-9246-2015032F26F0}.Debug|x64.ActiveCfg = Debug|Any CPU
		{BFEBDEEC-9EBC-49A6-9246-2015032F26F0}.Debug|x64.Build.0 = Debug|Any CPU
		{BFEBDEEC-9EBC-49A6-9246-2015032F26F0}.Debug|x86.ActiveCfg = Debug|Any CPU
		{BFEBDEEC-9EBC-49A6-9246-2015032F26F0}.Debug|x86.Build.0 = Debug|Any CPU
		{BFEBDEEC-9EBC-49A6-9246-2015032F26F0}.Release|Any CPU.ActiveCfg = Release|Any CPU
		{BFEBDEEC-9EBC-49A6-9246-2015032F26F0}.Release|Any CPU.Build.0 = Release|Any CPU
		{BFEBDEEC-9EBC-49A6-9246-2015032F26F0}.Release|x64.ActiveCfg = Release|Any CPU
		{BFEBDEEC-9EBC-49A6-9246-2015032F26F0}.Release|x64.Build.0 = Release|Any CPU
		{BFEBDEEC-9EBC-49A6-9246-2015032F26F0}.Release|x86.ActiveCfg = Release|Any CPU
		{BFEBDEEC-9EBC-49A6-9246-2015032F26F0}.Release|x86.Build.0 = Release|Any CPU
		{289CEC1B-60FB-4FD6-91E0-53AD7F9C22BD}.Debug|Any CPU.ActiveCfg = Debug|Any CPU
		{289CEC1B-60FB-4FD6-91E0-53AD7F9C22BD}.Debug|Any CPU.Build.0 = Debug|Any CPU
		{289CEC1B-60FB-4FD6-91E0-53AD7F9C22BD}.Debug|x64.ActiveCfg = Debug|Any CPU
		{289CEC1B-60FB-4FD6-91E0-53AD7F9C22BD}.Debug|x64.Build.0 = Debug|Any CPU
		{289CEC1B-60FB-4FD6-91E0-53AD7F9C22BD}.Debug|x86.ActiveCfg = Debug|Any CPU
		{289CEC1B-60FB-4FD6-91E0-53AD7F9C22BD}.Debug|x86.Build.0 = Debug|Any CPU
		{289CEC1B-60FB-4FD6-91E0-53AD7F9C22BD}.Release|Any CPU.ActiveCfg = Release|Any CPU
		{289CEC1B-60FB-4FD6-91E0-53AD7F9C22BD}.Release|Any CPU.Build.0 = Release|Any CPU
		{289CEC1B-60FB-4FD6-91E0-53AD7F9C22BD}.Release|x64.ActiveCfg = Release|Any CPU
		{289CEC1B-60FB-4FD6-91E0-53AD7F9C22BD}.Release|x64.Build.0 = Release|Any CPU
		{289CEC1B-60FB-4FD6-91E0-53AD7F9C22BD}.Release|x86.ActiveCfg = Release|Any CPU
		{289CEC1B-60FB-4FD6-91E0-53AD7F9C22BD}.Release|x86.Build.0 = Release|Any CPU
		{E7F787A8-0E86-4287-8BE6-168FC619D032}.Debug|Any CPU.ActiveCfg = Debug|Any CPU
		{E7F787A8-0E86-4287-8BE6-168FC619D032}.Debug|Any CPU.Build.0 = Debug|Any CPU
		{E7F787A8-0E86-4287-8BE6-168FC619D032}.Debug|x64.ActiveCfg = Debug|Any CPU
		{E7F787A8-0E86-4287-8BE6-168FC619D032}.Debug|x64.Build.0 = Debug|Any CPU
		{E7F787A8-0E86-4287-8BE6-168FC619D032}.Debug|x86.ActiveCfg = Debug|Any CPU
		{E7F787A8-0E86-4287-8BE6-168FC619D032}.Debug|x86.Build.0 = Debug|Any CPU
		{E7F787A8-0E86-4287-8BE6-168FC619D032}.Release|Any CPU.ActiveCfg = Release|Any CPU
		{E7F787A8-0E86-4287-8BE6-168FC619D032}.Release|Any CPU.Build.0 = Release|Any CPU
		{E7F787A8-0E86-4287-8BE6-168FC619D032}.Release|x64.ActiveCfg = Release|Any CPU
		{E7F787A8-0E86-4287-8BE6-168FC619D032}.Release|x64.Build.0 = Release|Any CPU
		{E7F787A8-0E86-4287-8BE6-168FC619D032}.Release|x86.ActiveCfg = Release|Any CPU
		{E7F787A8-0E86-4287-8BE6-168FC619D032}.Release|x86.Build.0 = Release|Any CPU
		{FFB7CEE9-65CF-4077-B09C-1E80D473F34F}.Debug|Any CPU.ActiveCfg = Debug|Any CPU
		{FFB7CEE9-65CF-4077-B09C-1E80D473F34F}.Debug|Any CPU.Build.0 = Debug|Any CPU
		{FFB7CEE9-65CF-4077-B09C-1E80D473F34F}.Debug|x64.ActiveCfg = Debug|Any CPU
		{FFB7CEE9-65CF-4077-B09C-1E80D473F34F}.Debug|x64.Build.0 = Debug|Any CPU
		{FFB7CEE9-65CF-4077-B09C-1E80D473F34F}.Debug|x86.ActiveCfg = Debug|Any CPU
		{FFB7CEE9-65CF-4077-B09C-1E80D473F34F}.Debug|x86.Build.0 = Debug|Any CPU
		{FFB7CEE9-65CF-4077-B09C-1E80D473F34F}.Release|Any CPU.ActiveCfg = Release|Any CPU
		{FFB7CEE9-65CF-4077-B09C-1E80D473F34F}.Release|Any CPU.Build.0 = Release|Any CPU
		{FFB7CEE9-65CF-4077-B09C-1E80D473F34F}.Release|x64.ActiveCfg = Release|Any CPU
		{FFB7CEE9-65CF-4077-B09C-1E80D473F34F}.Release|x64.Build.0 = Release|Any CPU
		{FFB7CEE9-65CF-4077-B09C-1E80D473F34F}.Release|x86.ActiveCfg = Release|Any CPU
		{FFB7CEE9-65CF-4077-B09C-1E80D473F34F}.Release|x86.Build.0 = Release|Any CPU
	EndGlobalSection
	GlobalSection(SolutionProperties) = preSolution
		HideSolutionNode = FALSE
	EndGlobalSection
EndGlobal
